// !$*UTF8*$!
{
	archiveVersion = 1;
	classes = {
	};
	objectVersion = 50;
	objects = {

/* Begin PBXBuildFile section */
		B7EEE29126651B9C00B913D6 /* WikiAppApp.swift in Sources */ = {isa = PBXBuildFile; fileRef = B7EEE29026651B9C00B913D6 /* WikiAppApp.swift */; };
		B7EEE29326651B9C00B913D6 /* ContentView.swift in Sources */ = {isa = PBXBuildFile; fileRef = B7EEE29226651B9C00B913D6 /* ContentView.swift */; };
		B7EEE29526651B9F00B913D6 /* Assets.xcassets in Resources */ = {isa = PBXBuildFile; fileRef = B7EEE29426651B9F00B913D6 /* Assets.xcassets */; };
		B7EEE29826651B9F00B913D6 /* Preview Assets.xcassets in Resources */ = {isa = PBXBuildFile; fileRef = B7EEE29726651B9F00B913D6 /* Preview Assets.xcassets */; };
		B7EEE29A26651B9F00B913D6 /* Persistence.swift in Sources */ = {isa = PBXBuildFile; fileRef = B7EEE29926651B9F00B913D6 /* Persistence.swift */; };
		B7EEE29D26651B9F00B913D6 /* WikiApp.xcdatamodeld in Sources */ = {isa = PBXBuildFile; fileRef = B7EEE29B26651B9F00B913D6 /* WikiApp.xcdatamodeld */; };
		B7EEE2A926651C8600B913D6 /* Wiki.swift in Sources */ = {isa = PBXBuildFile; fileRef = B7EEE2A826651C8600B913D6 /* Wiki.swift */; };
		B7EEE2AB2665252A00B913D6 /* WikiListViewModel.swift in Sources */ = {isa = PBXBuildFile; fileRef = B7EEE2AA2665252A00B913D6 /* WikiListViewModel.swift */; };
		B7EEE2AD2665253C00B913D6 /* WikiPageViewModel.swift in Sources */ = {isa = PBXBuildFile; fileRef = B7EEE2AC2665253C00B913D6 /* WikiPageViewModel.swift */; };
		B7EEE2B12665256100B913D6 /* WikiPageView.swift in Sources */ = {isa = PBXBuildFile; fileRef = B7EEE2B02665256100B913D6 /* WikiPageView.swift */; };
		B7EEE2B3266526D800B913D6 /* WikipediaClient.swift in Sources */ = {isa = PBXBuildFile; fileRef = B7EEE2B2266526D800B913D6 /* WikipediaClient.swift */; };
		B7EEE2B926655E3300B913D6 /* WikiSearchView.swift in Sources */ = {isa = PBXBuildFile; fileRef = B7EEE2B826655E3300B913D6 /* WikiSearchView.swift */; };
		B7EEE2C4266569E400B913D6 /* WikiExtensions.swift in Sources */ = {isa = PBXBuildFile; fileRef = B7EEE2C3266569E400B913D6 /* WikiExtensions.swift */; };
		B7EEE2C626656A9400B913D6 /* WikiHelper.swift in Sources */ = {isa = PBXBuildFile; fileRef = B7EEE2C526656A9400B913D6 /* WikiHelper.swift */; };
		B7EEE2C826656ADE00B913D6 /* WikipediaSearchResults.swift in Sources */ = {isa = PBXBuildFile; fileRef = B7EEE2C726656ADE00B913D6 /* WikipediaSearchResults.swift */; };
		B7EEE2CA26656E4500B913D6 /* WikipediaArticle.swift in Sources */ = {isa = PBXBuildFile; fileRef = B7EEE2C926656E4500B913D6 /* WikipediaArticle.swift */; };
		B7EEE2CC2665700700B913D6 /* WikipediaArticlePreview.swift in Sources */ = {isa = PBXBuildFile; fileRef = B7EEE2CB2665700700B913D6 /* WikipediaArticlePreview.swift */; };
		B7EEE2CE2665717F00B913D6 /*  WikipediaSearchResultsCache.swift in Sources */ = {isa = PBXBuildFile; fileRef = B7EEE2CD2665717F00B913D6 /*  WikipediaSearchResultsCache.swift */; };
		B7EEE2D0266571A200B913D6 /* WikipediaArticleCache.swift in Sources */ = {isa = PBXBuildFile; fileRef = B7EEE2CF266571A200B913D6 /* WikipediaArticleCache.swift */; };
		B7EEE2D2266573AB00B913D6 /* WikipediaNetworking.swift in Sources */ = {isa = PBXBuildFile; fileRef = B7EEE2D1266573AB00B913D6 /* WikipediaNetworking.swift */; };
		B7EEE2D4266576DD00B913D6 /* WikipediaImage.swift in Sources */ = {isa = PBXBuildFile; fileRef = B7EEE2D3266576DD00B913D6 /* WikipediaImage.swift */; };
		B7EEE2F82666BD1200B913D6 /* SearchBar.swift in Sources */ = {isa = PBXBuildFile; fileRef = B7EEE2F72666BD1200B913D6 /* SearchBar.swift */; };
/* End PBXBuildFile section */

/* Begin PBXFileReference section */
		B7EEE28D26651B9C00B913D6 /* WikiApp.app */ = {isa = PBXFileReference; explicitFileType = wrapper.application; includeInIndex = 0; path = WikiApp.app; sourceTree = BUILT_PRODUCTS_DIR; };
		B7EEE29026651B9C00B913D6 /* WikiAppApp.swift */ = {isa = PBXFileReference; lastKnownFileType = sourcecode.swift; path = WikiAppApp.swift; sourceTree = "<group>"; };
		B7EEE29226651B9C00B913D6 /* ContentView.swift */ = {isa = PBXFileReference; lastKnownFileType = sourcecode.swift; path = ContentView.swift; sourceTree = "<group>"; };
		B7EEE29426651B9F00B913D6 /* Assets.xcassets */ = {isa = PBXFileReference; lastKnownFileType = folder.assetcatalog; path = Assets.xcassets; sourceTree = "<group>"; };
		B7EEE29726651B9F00B913D6 /* Preview Assets.xcassets */ = {isa = PBXFileReference; lastKnownFileType = folder.assetcatalog; path = "Preview Assets.xcassets"; sourceTree = "<group>"; };
		B7EEE29926651B9F00B913D6 /* Persistence.swift */ = {isa = PBXFileReference; lastKnownFileType = sourcecode.swift; path = Persistence.swift; sourceTree = "<group>"; };
		B7EEE29C26651B9F00B913D6 /* WikiApp.xcdatamodel */ = {isa = PBXFileReference; lastKnownFileType = wrapper.xcdatamodel; path = WikiApp.xcdatamodel; sourceTree = "<group>"; };
		B7EEE29E26651B9F00B913D6 /* Info.plist */ = {isa = PBXFileReference; lastKnownFileType = text.plist.xml; path = Info.plist; sourceTree = "<group>"; };
		B7EEE2A826651C8600B913D6 /* Wiki.swift */ = {isa = PBXFileReference; lastKnownFileType = sourcecode.swift; path = Wiki.swift; sourceTree = "<group>"; };
		B7EEE2AA2665252A00B913D6 /* WikiListViewModel.swift */ = {isa = PBXFileReference; lastKnownFileType = sourcecode.swift; path = WikiListViewModel.swift; sourceTree = "<group>"; };
		B7EEE2AC2665253C00B913D6 /* WikiPageViewModel.swift */ = {isa = PBXFileReference; lastKnownFileType = sourcecode.swift; path = WikiPageViewModel.swift; sourceTree = "<group>"; };
		B7EEE2B02665256100B913D6 /* WikiPageView.swift */ = {isa = PBXFileReference; lastKnownFileType = sourcecode.swift; path = WikiPageView.swift; sourceTree = "<group>"; };
		B7EEE2B2266526D800B913D6 /* WikipediaClient.swift */ = {isa = PBXFileReference; lastKnownFileType = sourcecode.swift; path = WikipediaClient.swift; sourceTree = "<group>"; };
		B7EEE2B826655E3300B913D6 /* WikiSearchView.swift */ = {isa = PBXFileReference; lastKnownFileType = sourcecode.swift; path = WikiSearchView.swift; sourceTree = "<group>"; };
		B7EEE2C3266569E400B913D6 /* WikiExtensions.swift */ = {isa = PBXFileReference; fileEncoding = 4; lastKnownFileType = sourcecode.swift; path = WikiExtensions.swift; sourceTree = "<group>"; };
		B7EEE2C526656A9400B913D6 /* WikiHelper.swift */ = {isa = PBXFileReference; fileEncoding = 4; lastKnownFileType = sourcecode.swift; path = WikiHelper.swift; sourceTree = "<group>"; };
		B7EEE2C726656ADE00B913D6 /* WikipediaSearchResults.swift */ = {isa = PBXFileReference; lastKnownFileType = sourcecode.swift; path = WikipediaSearchResults.swift; sourceTree = "<group>"; };
		B7EEE2C926656E4500B913D6 /* WikipediaArticle.swift */ = {isa = PBXFileReference; lastKnownFileType = sourcecode.swift; path = WikipediaArticle.swift; sourceTree = "<group>"; };
		B7EEE2CB2665700700B913D6 /* WikipediaArticlePreview.swift */ = {isa = PBXFileReference; fileEncoding = 4; lastKnownFileType = sourcecode.swift; path = WikipediaArticlePreview.swift; sourceTree = "<group>"; };
		B7EEE2CD2665717F00B913D6 /*  WikipediaSearchResultsCache.swift */ = {isa = PBXFileReference; lastKnownFileType = sourcecode.swift; path = " WikipediaSearchResultsCache.swift"; sourceTree = "<group>"; };
		B7EEE2CF266571A200B913D6 /* WikipediaArticleCache.swift */ = {isa = PBXFileReference; lastKnownFileType = sourcecode.swift; path = WikipediaArticleCache.swift; sourceTree = "<group>"; };
		B7EEE2D1266573AB00B913D6 /* WikipediaNetworking.swift */ = {isa = PBXFileReference; lastKnownFileType = sourcecode.swift; path = WikipediaNetworking.swift; sourceTree = "<group>"; };
		B7EEE2D3266576DD00B913D6 /* WikipediaImage.swift */ = {isa = PBXFileReference; lastKnownFileType = sourcecode.swift; path = WikipediaImage.swift; sourceTree = "<group>"; };
		B7EEE2F72666BD1200B913D6 /* SearchBar.swift */ = {isa = PBXFileReference; lastKnownFileType = sourcecode.swift; path = SearchBar.swift; sourceTree = "<group>"; };
/* End PBXFileReference section */

/* Begin PBXFrameworksBuildPhase section */
		B7EEE28A26651B9C00B913D6 /* Frameworks */ = {
			isa = PBXFrameworksBuildPhase;
			buildActionMask = 2147483647;
			files = (
			);
			runOnlyForDeploymentPostprocessing = 0;
		};
/* End PBXFrameworksBuildPhase section */

/* Begin PBXGroup section */
		B7EEE28426651B9C00B913D6 = {
			isa = PBXGroup;
			children = (
				B7EEE28F26651B9C00B913D6 /* WikiApp */,
				B7EEE28E26651B9C00B913D6 /* Products */,
			);
			sourceTree = "<group>";
		};
		B7EEE28E26651B9C00B913D6 /* Products */ = {
			isa = PBXGroup;
			children = (
				B7EEE28D26651B9C00B913D6 /* WikiApp.app */,
			);
			name = Products;
			sourceTree = "<group>";
		};
		B7EEE28F26651B9C00B913D6 /* WikiApp */ = {
			isa = PBXGroup;
			children = (
				B7EEE2BA266560A000B913D6 /* Helper */,
				B7EEE2A726651C5E00B913D6 /* APIServices */,
				B7EEE2A626651C5600B913D6 /* View */,
				B7EEE2A526651C4F00B913D6 /* ViewModel */,
				B7EEE2A426651C4800B913D6 /* Model */,
				B7EEE29026651B9C00B913D6 /* WikiAppApp.swift */,
				B7EEE29226651B9C00B913D6 /* ContentView.swift */,
				B7EEE29426651B9F00B913D6 /* Assets.xcassets */,
				B7EEE29926651B9F00B913D6 /* Persistence.swift */,
				B7EEE29E26651B9F00B913D6 /* Info.plist */,
				B7EEE29B26651B9F00B913D6 /* WikiApp.xcdatamodeld */,
				B7EEE29626651B9F00B913D6 /* Preview Content */,
			);
			path = WikiApp;
			sourceTree = "<group>";
		};
		B7EEE29626651B9F00B913D6 /* Preview Content */ = {
			isa = PBXGroup;
			children = (
				B7EEE29726651B9F00B913D6 /* Preview Assets.xcassets */,
			);
			path = "Preview Content";
			sourceTree = "<group>";
		};
		B7EEE2A426651C4800B913D6 /* Model */ = {
			isa = PBXGroup;
			children = (
				B7EEE2CB2665700700B913D6 /* WikipediaArticlePreview.swift */,
				B7EEE2C926656E4500B913D6 /* WikipediaArticle.swift */,
				B7EEE2A826651C8600B913D6 /* Wiki.swift */,
			);
			path = Model;
			sourceTree = "<group>";
		};
		B7EEE2A526651C4F00B913D6 /* ViewModel */ = {
			isa = PBXGroup;
			children = (
				B7EEE2C726656ADE00B913D6 /* WikipediaSearchResults.swift */,
				B7EEE2AA2665252A00B913D6 /* WikiListViewModel.swift */,
				B7EEE2AC2665253C00B913D6 /* WikiPageViewModel.swift */,
			);
			path = ViewModel;
			sourceTree = "<group>";
		};
		B7EEE2A626651C5600B913D6 /* View */ = {
			isa = PBXGroup;
			children = (
				B7EEE2B02665256100B913D6 /* WikiPageView.swift */,
				B7EEE2B826655E3300B913D6 /* WikiSearchView.swift */,
				B7EEE2F72666BD1200B913D6 /* SearchBar.swift */,
			);
			path = View;
			sourceTree = "<group>";
		};
		B7EEE2A726651C5E00B913D6 /* APIServices */ = {
			isa = PBXGroup;
			children = (
				B7EEE2B2266526D800B913D6 /* WikipediaClient.swift */,
				B7EEE2D1266573AB00B913D6 /* WikipediaNetworking.swift */,
			);
			path = APIServices;
			sourceTree = "<group>";
		};
		B7EEE2BA266560A000B913D6 /* Helper */ = {
			isa = PBXGroup;
			children = (
				B7EEE2C526656A9400B913D6 /* WikiHelper.swift */,
				B7EEE2C3266569E400B913D6 /* WikiExtensions.swift */,
				B7EEE2CD2665717F00B913D6 /*  WikipediaSearchResultsCache.swift */,
				B7EEE2CF266571A200B913D6 /* WikipediaArticleCache.swift */,
				B7EEE2D3266576DD00B913D6 /* WikipediaImage.swift */,
			);
			path = Helper;
			sourceTree = "<group>";
		};
/* End PBXGroup section */

/* Begin PBXNativeTarget section */
		B7EEE28C26651B9C00B913D6 /* WikiApp */ = {
			isa = PBXNativeTarget;
			buildConfigurationList = B7EEE2A126651B9F00B913D6 /* Build configuration list for PBXNativeTarget "WikiApp" */;
			buildPhases = (
				B7EEE28926651B9C00B913D6 /* Sources */,
				B7EEE28A26651B9C00B913D6 /* Frameworks */,
				B7EEE28B26651B9C00B913D6 /* Resources */,
			);
			buildRules = (
			);
			dependencies = (
			);
			name = WikiApp;
			productName = WikiApp;
			productReference = B7EEE28D26651B9C00B913D6 /* WikiApp.app */;
			productType = "com.apple.product-type.application";
		};
/* End PBXNativeTarget section */

/* Begin PBXProject section */
		B7EEE28526651B9C00B913D6 /* Project object */ = {
			isa = PBXProject;
			attributes = {
				LastSwiftUpdateCheck = 1250;
				LastUpgradeCheck = 1250;
				TargetAttributes = {
					B7EEE28C26651B9C00B913D6 = {
						CreatedOnToolsVersion = 12.5;
					};
				};
			};
			buildConfigurationList = B7EEE28826651B9C00B913D6 /* Build configuration list for PBXProject "WikiApp" */;
			compatibilityVersion = "Xcode 9.3";
			developmentRegion = en;
			hasScannedForEncodings = 0;
			knownRegions = (
				en,
				Base,
			);
			mainGroup = B7EEE28426651B9C00B913D6;
			productRefGroup = B7EEE28E26651B9C00B913D6 /* Products */;
			projectDirPath = "";
			projectRoot = "";
			targets = (
				B7EEE28C26651B9C00B913D6 /* WikiApp */,
			);
		};
/* End PBXProject section */

/* Begin PBXResourcesBuildPhase section */
		B7EEE28B26651B9C00B913D6 /* Resources */ = {
			isa = PBXResourcesBuildPhase;
			buildActionMask = 2147483647;
			files = (
				B7EEE29826651B9F00B913D6 /* Preview Assets.xcassets in Resources */,
				B7EEE29526651B9F00B913D6 /* Assets.xcassets in Resources */,
			);
			runOnlyForDeploymentPostprocessing = 0;
		};
/* End PBXResourcesBuildPhase section */

/* Begin PBXSourcesBuildPhase section */
		B7EEE28926651B9C00B913D6 /* Sources */ = {
			isa = PBXSourcesBuildPhase;
			buildActionMask = 2147483647;
			files = (
				B7EEE2CE2665717F00B913D6 /*  WikipediaSearchResultsCache.swift in Sources */,
				B7EEE2B926655E3300B913D6 /* WikiSearchView.swift in Sources */,
				B7EEE29A26651B9F00B913D6 /* Persistence.swift in Sources */,
				B7EEE2C826656ADE00B913D6 /* WikipediaSearchResults.swift in Sources */,
				B7EEE2C4266569E400B913D6 /* WikiExtensions.swift in Sources */,
				B7EEE2D4266576DD00B913D6 /* WikipediaImage.swift in Sources */,
				B7EEE2CA26656E4500B913D6 /* WikipediaArticle.swift in Sources */,
				B7EEE2B12665256100B913D6 /* WikiPageView.swift in Sources */,
				B7EEE2D2266573AB00B913D6 /* WikipediaNetworking.swift in Sources */,
				B7EEE2A926651C8600B913D6 /* Wiki.swift in Sources */,
				B7EEE29D26651B9F00B913D6 /* WikiApp.xcdatamodeld in Sources */,
				B7EEE29326651B9C00B913D6 /* ContentView.swift in Sources */,
				B7EEE2AB2665252A00B913D6 /* WikiListViewModel.swift in Sources */,
				B7EEE2AD2665253C00B913D6 /* WikiPageViewModel.swift in Sources */,
				B7EEE2D0266571A200B913D6 /* WikipediaArticleCache.swift in Sources */,
				B7EEE29126651B9C00B913D6 /* WikiAppApp.swift in Sources */,
				B7EEE2B3266526D800B913D6 /* WikipediaClient.swift in Sources */,
				B7EEE2F82666BD1200B913D6 /* SearchBar.swift in Sources */,
				B7EEE2C626656A9400B913D6 /* WikiHelper.swift in Sources */,
				B7EEE2CC2665700700B913D6 /* WikipediaArticlePreview.swift in Sources */,
			);
			runOnlyForDeploymentPostprocessing = 0;
		};
/* End PBXSourcesBuildPhase section */

/* Begin XCBuildConfiguration section */
		B7EEE29F26651B9F00B913D6 /* Debug */ = {
			isa = XCBuildConfiguration;
			buildSettings = {
				ALWAYS_SEARCH_USER_PATHS = NO;
				CLANG_ANALYZER_NONNULL = YES;
				CLANG_ANALYZER_NUMBER_OBJECT_CONVERSION = YES_AGGRESSIVE;
				CLANG_CXX_LANGUAGE_STANDARD = "gnu++14";
				CLANG_CXX_LIBRARY = "libc++";
				CLANG_ENABLE_MODULES = YES;
				CLANG_ENABLE_OBJC_ARC = YES;
				CLANG_ENABLE_OBJC_WEAK = YES;
				CLANG_WARN_BLOCK_CAPTURE_AUTORELEASING = YES;
				CLANG_WARN_BOOL_CONVERSION = YES;
				CLANG_WARN_COMMA = YES;
				CLANG_WARN_CONSTANT_CONVERSION = YES;
				CLANG_WARN_DEPRECATED_OBJC_IMPLEMENTATIONS = YES;
				CLANG_WARN_DIRECT_OBJC_ISA_USAGE = YES_ERROR;
				CLANG_WARN_DOCUMENTATION_COMMENTS = YES;
				CLANG_WARN_EMPTY_BODY = YES;
				CLANG_WARN_ENUM_CONVERSION = YES;
				CLANG_WARN_INFINITE_RECURSION = YES;
				CLANG_WARN_INT_CONVERSION = YES;
				CLANG_WARN_NON_LITERAL_NULL_CONVERSION = YES;
				CLANG_WARN_OBJC_IMPLICIT_RETAIN_SELF = YES;
				CLANG_WARN_OBJC_LITERAL_CONVERSION = YES;
				CLANG_WARN_OBJC_ROOT_CLASS = YES_ERROR;
				CLANG_WARN_QUOTED_INCLUDE_IN_FRAMEWORK_HEADER = YES;
				CLANG_WARN_RANGE_LOOP_ANALYSIS = YES;
				CLANG_WARN_STRICT_PROTOTYPES = YES;
				CLANG_WARN_SUSPICIOUS_MOVE = YES;
				CLANG_WARN_UNGUARDED_AVAILABILITY = YES_AGGRESSIVE;
				CLANG_WARN_UNREACHABLE_CODE = YES;
				CLANG_WARN__DUPLICATE_METHOD_MATCH = YES;
				COPY_PHASE_STRIP = NO;
				DEBUG_INFORMATION_FORMAT = dwarf;
				ENABLE_STRICT_OBJC_MSGSEND = YES;
				ENABLE_TESTABILITY = YES;
				GCC_C_LANGUAGE_STANDARD = gnu11;
				GCC_DYNAMIC_NO_PIC = NO;
				GCC_NO_COMMON_BLOCKS = YES;
				GCC_OPTIMIZATION_LEVEL = 0;
				GCC_PREPROCESSOR_DEFINITIONS = (
					"DEBUG=1",
					"$(inherited)",
				);
				GCC_WARN_64_TO_32_BIT_CONVERSION = YES;
				GCC_WARN_ABOUT_RETURN_TYPE = YES_ERROR;
				GCC_WARN_UNDECLARED_SELECTOR = YES;
				GCC_WARN_UNINITIALIZED_AUTOS = YES_AGGRESSIVE;
				GCC_WARN_UNUSED_FUNCTION = YES;
				GCC_WARN_UNUSED_VARIABLE = YES;
				IPHONEOS_DEPLOYMENT_TARGET = 14.5;
				MTL_ENABLE_DEBUG_INFO = INCLUDE_SOURCE;
				MTL_FAST_MATH = YES;
				ONLY_ACTIVE_ARCH = YES;
				SDKROOT = iphoneos;
				SWIFT_ACTIVE_COMPILATION_CONDITIONS = DEBUG;
				SWIFT_OPTIMIZATION_LEVEL = "-Onone";
			};
			name = Debug;
		};
		B7EEE2A026651B9F00B913D6 /* Release */ = {
			isa = XCBuildConfiguration;
			buildSettings = {
				ALWAYS_SEARCH_USER_PATHS = NO;
				CLANG_ANALYZER_NONNULL = YES;
				CLANG_ANALYZER_NUMBER_OBJECT_CONVERSION = YES_AGGRESSIVE;
				CLANG_CXX_LANGUAGE_STANDARD = "gnu++14";
				CLANG_CXX_LIBRARY = "libc++";
				CLANG_ENABLE_MODULES = YES;
				CLANG_ENABLE_OBJC_ARC = YES;
				CLANG_ENABLE_OBJC_WEAK = YES;
				CLANG_WARN_BLOCK_CAPTURE_AUTORELEASING = YES;
				CLANG_WARN_BOOL_CONVERSION = YES;
				CLANG_WARN_COMMA = YES;
				CLANG_WARN_CONSTANT_CONVERSION = YES;
				CLANG_WARN_DEPRECATED_OBJC_IMPLEMENTATIONS = YES;
				CLANG_WARN_DIRECT_OBJC_ISA_USAGE = YES_ERROR;
				CLANG_WARN_DOCUMENTATION_COMMENTS = YES;
				CLANG_WARN_EMPTY_BODY = YES;
				CLANG_WARN_ENUM_CONVERSION = YES;
				CLANG_WARN_INFINITE_RECURSION = YES;
				CLANG_WARN_INT_CONVERSION = YES;
				CLANG_WARN_NON_LITERAL_NULL_CONVERSION = YES;
				CLANG_WARN_OBJC_IMPLICIT_RETAIN_SELF = YES;
				CLANG_WARN_OBJC_LITERAL_CONVERSION = YES;
				CLANG_WARN_OBJC_ROOT_CLASS = YES_ERROR;
				CLANG_WARN_QUOTED_INCLUDE_IN_FRAMEWORK_HEADER = YES;
				CLANG_WARN_RANGE_LOOP_ANALYSIS = YES;
				CLANG_WARN_STRICT_PROTOTYPES = YES;
				CLANG_WARN_SUSPICIOUS_MOVE = YES;
				CLANG_WARN_UNGUARDED_AVAILABILITY = YES_AGGRESSIVE;
				CLANG_WARN_UNREACHABLE_CODE = YES;
				CLANG_WARN__DUPLICATE_METHOD_MATCH = YES;
				COPY_PHASE_STRIP = NO;
				DEBUG_INFORMATION_FORMAT = "dwarf-with-dsym";
				ENABLE_NS_ASSERTIONS = NO;
				ENABLE_STRICT_OBJC_MSGSEND = YES;
				GCC_C_LANGUAGE_STANDARD = gnu11;
				GCC_NO_COMMON_BLOCKS = YES;
				GCC_WARN_64_TO_32_BIT_CONVERSION = YES;
				GCC_WARN_ABOUT_RETURN_TYPE = YES_ERROR;
				GCC_WARN_UNDECLARED_SELECTOR = YES;
				GCC_WARN_UNINITIALIZED_AUTOS = YES_AGGRESSIVE;
				GCC_WARN_UNUSED_FUNCTION = YES;
				GCC_WARN_UNUSED_VARIABLE = YES;
				IPHONEOS_DEPLOYMENT_TARGET = 14.5;
				MTL_ENABLE_DEBUG_INFO = NO;
				MTL_FAST_MATH = YES;
				SDKROOT = iphoneos;
				SWIFT_COMPILATION_MODE = wholemodule;
				SWIFT_OPTIMIZATION_LEVEL = "-O";
				VALIDATE_PRODUCT = YES;
			};
			name = Release;
		};
		B7EEE2A226651B9F00B913D6 /* Debug */ = {
			isa = XCBuildConfiguration;
			buildSettings = {
				ASSETCATALOG_COMPILER_APPICON_NAME = AppIcon;
				ASSETCATALOG_COMPILER_GLOBAL_ACCENT_COLOR_NAME = AccentColor;
				CODE_SIGN_STYLE = Automatic;
				DEVELOPMENT_ASSET_PATHS = "\"WikiApp/Preview Content\"";
				DEVELOPMENT_TEAM = D3QGZH7X39;
				ENABLE_PREVIEWS = YES;
				INFOPLIST_FILE = WikiApp/Info.plist;
				IPHONEOS_DEPLOYMENT_TARGET = 14.0;
				LD_RUNPATH_SEARCH_PATHS = (
					"$(inherited)",
					"@executable_path/Frameworks",
				);
				PRODUCT_BUNDLE_IDENTIFIER = com.ramya.com.WikiApp;
				PRODUCT_NAME = "$(TARGET_NAME)";
				SWIFT_VERSION = 5.0;
				TARGETED_DEVICE_FAMILY = "1,2";
			};
			name = Debug;
		};
		B7EEE2A326651B9F00B913D6 /* Release */ = {
			isa = XCBuildConfiguration;
			buildSettings = {
				ASSETCATALOG_COMPILER_APPICON_NAME = AppIcon;
				ASSETCATALOG_COMPILER_GLOBAL_ACCENT_COLOR_NAME = AccentColor;
				CODE_SIGN_STYLE = Automatic;
				DEVELOPMENT_ASSET_PATHS = "\"WikiApp/Preview Content\"";
				DEVELOPMENT_TEAM = D3QGZH7X39;
				ENABLE_PREVIEWS = YES;
				INFOPLIST_FILE = WikiApp/Info.plist;
				IPHONEOS_DEPLOYMENT_TARGET = 14.0;
				LD_RUNPATH_SEARCH_PATHS = (
					"$(inherited)",
					"@executable_path/Frameworks",
				);
				PRODUCT_BUNDLE_IDENTIFIER = com.ramya.com.WikiApp;
				PRODUCT_NAME = "$(TARGET_NAME)";
				SWIFT_VERSION = 5.0;
				TARGETED_DEVICE_FAMILY = "1,2";
			};
			name = Release;
		};
/* End XCBuildConfiguration section */

/* Begin XCConfigurationList section */
		B7EEE28826651B9C00B913D6 /* Build configuration list for PBXProject "WikiApp" */ = {
			isa = XCConfigurationList;
			buildConfigurations = (
				B7EEE29F26651B9F00B913D6 /* Debug */,
				B7EEE2A026651B9F00B913D6 /* Release */,
			);
			defaultConfigurationIsVisible = 0;
			defaultConfigurationName = Release;
		};
		B7EEE2A126651B9F00B913D6 /* Build configuration list for PBXNativeTarget "WikiApp" */ = {
			isa = XCConfigurationList;
			buildConfigurations = (
				B7EEE2A226651B9F00B913D6 /* Debug */,
				B7EEE2A326651B9F00B913D6 /* Release */,
			);
			defaultConfigurationIsVisible = 0;
			defaultConfigurationName = Release;
		};
/* End XCConfigurationList section */

/* Begin XCVersionGroup section */
		B7EEE29B26651B9F00B913D6 /* WikiApp.xcdatamodeld */ = {
			isa = XCVersionGroup;
			children = (
				B7EEE29C26651B9F00B913D6 /* WikiApp.xcdatamodel */,
			);
			currentVersion = B7EEE29C26651B9F00B913D6 /* WikiApp.xcdatamodel */;
			path = WikiApp.xcdatamodeld;
			sourceTree = "<group>";
			versionGroupType = wrapper.xcdatamodel;
		};
/* End XCVersionGroup section */
	};
	rootObject = B7EEE28526651B9C00B913D6 /* Project object */;
}
